
Microsoft Visual Studio Solution File, Format Version 12.00
# Visual Studio Version 16
VisualStudioVersion = 16.0.30907.101
MinimumVisualStudioVersion = 10.0.40219.1
Project("{2150E333-8FDC-42A3-9474-1A3956D46DE8}") = "01. Basic windows", "01. Basic windows", "{4801368F-8306-4631-8AE9-CD83CBC5C480}"
EndProject
Project("{2150E333-8FDC-42A3-9474-1A3956D46DE8}") = "01. Relatively easy", "01. Relatively easy", "{B2E24A56-DC2C-4BAC-A34B-75DE879E0062}"
EndProject
Project("{2150E333-8FDC-42A3-9474-1A3956D46DE8}") = "01. Average difficulty", "01. Average difficulty", "{D0237544-ACB2-4F42-A2E2-6B6F10633754}"
EndProject
Project("{9A19103F-16F7-4668-BE54-9A1E7A4F7556}") = "01. WpfExercise v.1", "01. Basic windows\Relatively easy\01. WpfExercise v.1\01. WpfExercise v.1.csproj", "{F16C5664-C597-4B9B-89E8-C79B8CF48008}"
EndProject
Project("{9A19103F-16F7-4668-BE54-9A1E7A4F7556}") = "01. WpfExercise v.2", "01. Basic windows\Average difficulty\01. WpfExercise v.2\01. WpfExercise v.2.csproj", "{AE9BAA42-A079-4072-A79E-049238A623E1}"
EndProject
Project("{2150E333-8FDC-42A3-9474-1A3956D46DE8}") = "02. Handling events", "02. Handling events", "{18C8923B-98DE-41A2-86E8-30B0376EB1C8}"
EndProject
Project("{2150E333-8FDC-42A3-9474-1A3956D46DE8}") = "02. Relatively easy", "02. Relatively easy", "{FEB727F5-7124-4833-99C4-920509189FE2}"
EndProject
Project("{2150E333-8FDC-42A3-9474-1A3956D46DE8}") = "02. Harder than average", "02. Harder than average", "{85DA03A1-5079-4118-9AAD-1EA07C74E98E}"
EndProject
Project("{2150E333-8FDC-42A3-9474-1A3956D46DE8}") = "02. Average difficulty", "02. Average difficulty", "{AEEA7D0D-D66D-4FD3-97AC-426577F36E17}"
EndProject
Project("{9A19103F-16F7-4668-BE54-9A1E7A4F7556}") = "02. WpfExercise v.1", "02. Handling events\Relatively easy\02. WpfExercise v.1\02. WpfExercise v.1.csproj", "{B73615BD-F426-4AD4-8FAA-5B11275F1E74}"
EndProject
Project("{9A19103F-16F7-4668-BE54-9A1E7A4F7556}") = "02. WpfExercise v.2", "02. Handling events\Average difficulty\02. WpfExercise v.2\02. WpfExercise v.2.csproj", "{BDB59920-1A1D-46EB-AF06-5AD280519B61}"
EndProject
Project("{9A19103F-16F7-4668-BE54-9A1E7A4F7556}") = "02. WpfExercise v.3", "02. Handling events\Harder than average\02. WpfExercise v.3\02. WpfExercise v.3.csproj", "{D39D1396-A273-4162-9DF8-879A5CAE6D25}"
EndProject
Project("{2150E333-8FDC-42A3-9474-1A3956D46DE8}") = "03. Brushes", "03. Brushes", "{E38F6CAE-4FBB-49B5-B59D-8C070676DE73}"
EndProject
Project("{2150E333-8FDC-42A3-9474-1A3956D46DE8}") = "03. Average difficulty", "03. Average difficulty", "{FD6AD563-A9AF-42FA-A5CD-66548B8BD537}"
EndProject
Project("{9A19103F-16F7-4668-BE54-9A1E7A4F7556}") = "03. WpfExercise v.1", "03. Brushes\Average difficulty\03. WpfExercise v.1\03. WpfExercise v.1.csproj", "{F7F09726-ABF6-445B-B965-F417D24D9DBA}"
EndProject
Project("{2150E333-8FDC-42A3-9474-1A3956D46DE8}") = "04. Drawing and transformations", "04. Drawing and transformations", "{66C79CE6-4F3C-4E41-8DAA-8BDF97A1D2BF}"
EndProject
Project("{2150E333-8FDC-42A3-9474-1A3956D46DE8}") = "04. Average difficulty", "04. Average difficulty", "{0948E8C3-45F3-4344-A8FA-BB94395FBBC7}"
EndProject
Project("{FAE04EC0-301F-11D3-BF4B-00C04F79EFBC}") = "04. WpfExercise v.1", "04. Drawing and transformations\Average difficulty\04. WpfExercise v.1\04. WpfExercise v.1.csproj", "{9F747D50-2C07-4B4E-B959-ECB0C1363E16}"
EndProject
Project("{2150E333-8FDC-42A3-9474-1A3956D46DE8}") = "05. Styles", "05. Styles", "{892327CD-A66D-486B-BE46-D8B298576CA7}"
EndProject
Project("{2150E333-8FDC-42A3-9474-1A3956D46DE8}") = "05. Average difficulty 1", "05. Average difficulty 1", "{FEE90F6D-E098-4AEA-BF2C-D2483AB22A44}"
EndProject
Project("{2150E333-8FDC-42A3-9474-1A3956D46DE8}") = "05. Average difficulty 2", "05. Average difficulty 2", "{E51D21CE-2F0D-4EA2-876C-752F30A7E040}"
EndProject
Project("{FAE04EC0-301F-11D3-BF4B-00C04F79EFBC}") = "05. WpfExercise v.1", "05. Styles\Average difficulty 01\05. WpfExercise v.1\05. WpfExercise v.1.csproj", "{FBC10787-2601-44DD-9109-CB9CF9F33423}"
EndProject
Project("{FAE04EC0-301F-11D3-BF4B-00C04F79EFBC}") = "05. WpfExercise v.2", "05. Styles\Average difficulty 02\05. WpfExercise v.2\05. WpfExercise v.2.csproj", "{93A7FE43-3F5D-4F24-BB5F-41B17C0E9D11}"
EndProject
Project("{2150E333-8FDC-42A3-9474-1A3956D46DE8}") = "06. Resources", "06. Resources", "{85A52FF7-7BE6-4AE3-90C1-8011B1F7E777}"
EndProject
Project("{2150E333-8FDC-42A3-9474-1A3956D46DE8}") = "06. Relatively easy", "06. Relatively easy", "{267BF13D-7847-42CC-8506-4893D62337B3}"
EndProject
Project("{2150E333-8FDC-42A3-9474-1A3956D46DE8}") = "06. Average difficulty", "06. Average difficulty", "{AEF00C12-309E-4430-B6BD-8E0DEAFCF677}"
EndProject
Project("{2150E333-8FDC-42A3-9474-1A3956D46DE8}") = "06. Harder than average", "06. Harder than average", "{C30ED07C-C949-4EE1-B1D6-20814C3F18EB}"
EndProject
Project("{FAE04EC0-301F-11D3-BF4B-00C04F79EFBC}") = "06. WpfExercise v.1", "06. Resources\Relatively easy\06. WpfExercise v.1\06. WpfExercise v.1.csproj", "{80FCA3A2-A7E8-4D3C-A455-D0522B181F22}"
EndProject
Project("{FAE04EC0-301F-11D3-BF4B-00C04F79EFBC}") = "06. WpfExercise v.2", "06. Resources\Average difficulty\06. WpfExercise v.2\06. WpfExercise v.2.csproj", "{D3785FB4-D9EF-403E-BBAE-68DD154234C9}"
EndProject
Project("{FAE04EC0-301F-11D3-BF4B-00C04F79EFBC}") = "06. WpfExercise v.3", "06. Resources\Harder than average\06. WpfExercise v.3\06. WpfExercise v.3.csproj", "{4361837B-7F44-4BA0-A010-2B1623507321}"
EndProject
Project("{2150E333-8FDC-42A3-9474-1A3956D46DE8}") = "07. Menus and toolbars", "07. Menus and toolbars", "{5FBD09C5-56B6-4C50-B193-EDA7ADF125C8}"
EndProject
Project("{2150E333-8FDC-42A3-9474-1A3956D46DE8}") = "07. Average difficulty", "07. Average difficulty", "{772D5A0C-633D-456B-9705-4634A25EF34C}"
EndProject
Project("{FAE04EC0-301F-11D3-BF4B-00C04F79EFBC}") = "07. WpfExercise v.1", "07. Menus and toolbars\Average difficulty\07. WpfExercise v.1\07. WpfExercise v.1.csproj", "{54F7BA68-A93C-4563-8A82-359BE40A4270}"
EndProject
Global
	GlobalSection(SolutionConfigurationPlatforms) = preSolution
		Debug|Any CPU = Debug|Any CPU
		Release|Any CPU = Release|Any CPU
	EndGlobalSection
	GlobalSection(ProjectConfigurationPlatforms) = postSolution
		{F16C5664-C597-4B9B-89E8-C79B8CF48008}.Debug|Any CPU.ActiveCfg = Debug|Any CPU
		{F16C5664-C597-4B9B-89E8-C79B8CF48008}.Debug|Any CPU.Build.0 = Debug|Any CPU
		{F16C5664-C597-4B9B-89E8-C79B8CF48008}.Release|Any CPU.ActiveCfg = Release|Any CPU
		{F16C5664-C597-4B9B-89E8-C79B8CF48008}.Release|Any CPU.Build.0 = Release|Any CPU
		{AE9BAA42-A079-4072-A79E-049238A623E1}.Debug|Any CPU.ActiveCfg = Debug|Any CPU
		{AE9BAA42-A079-4072-A79E-049238A623E1}.Debug|Any CPU.Build.0 = Debug|Any CPU
		{AE9BAA42-A079-4072-A79E-049238A623E1}.Release|Any CPU.ActiveCfg = Release|Any CPU
		{AE9BAA42-A079-4072-A79E-049238A623E1}.Release|Any CPU.Build.0 = Release|Any CPU
		{B73615BD-F426-4AD4-8FAA-5B11275F1E74}.Debug|Any CPU.ActiveCfg = Debug|Any CPU
		{B73615BD-F426-4AD4-8FAA-5B11275F1E74}.Debug|Any CPU.Build.0 = Debug|Any CPU
		{B73615BD-F426-4AD4-8FAA-5B11275F1E74}.Release|Any CPU.ActiveCfg = Release|Any CPU
		{B73615BD-F426-4AD4-8FAA-5B11275F1E74}.Release|Any CPU.Build.0 = Release|Any CPU
		{BDB59920-1A1D-46EB-AF06-5AD280519B61}.Debug|Any CPU.ActiveCfg = Debug|Any CPU
		{BDB59920-1A1D-46EB-AF06-5AD280519B61}.Debug|Any CPU.Build.0 = Debug|Any CPU
		{BDB59920-1A1D-46EB-AF06-5AD280519B61}.Release|Any CPU.ActiveCfg = Release|Any CPU
		{BDB59920-1A1D-46EB-AF06-5AD280519B61}.Release|Any CPU.Build.0 = Release|Any CPU
		{D39D1396-A273-4162-9DF8-879A5CAE6D25}.Debug|Any CPU.ActiveCfg = Debug|Any CPU
		{D39D1396-A273-4162-9DF8-879A5CAE6D25}.Debug|Any CPU.Build.0 = Debug|Any CPU
		{D39D1396-A273-4162-9DF8-879A5CAE6D25}.Release|Any CPU.ActiveCfg = Release|Any CPU
		{D39D1396-A273-4162-9DF8-879A5CAE6D25}.Release|Any CPU.Build.0 = Release|Any CPU
		{F7F09726-ABF6-445B-B965-F417D24D9DBA}.Debug|Any CPU.ActiveCfg = Debug|Any CPU
		{F7F09726-ABF6-445B-B965-F417D24D9DBA}.Debug|Any CPU.Build.0 = Debug|Any CPU
		{F7F09726-ABF6-445B-B965-F417D24D9DBA}.Release|Any CPU.ActiveCfg = Release|Any CPU
		{F7F09726-ABF6-445B-B965-F417D24D9DBA}.Release|Any CPU.Build.0 = Release|Any CPU
		{9F747D50-2C07-4B4E-B959-ECB0C1363E16}.Debug|Any CPU.ActiveCfg = Debug|Any CPU
		{9F747D50-2C07-4B4E-B959-ECB0C1363E16}.Debug|Any CPU.Build.0 = Debug|Any CPU
		{9F747D50-2C07-4B4E-B959-ECB0C1363E16}.Release|Any CPU.ActiveCfg = Release|Any CPU
		{9F747D50-2C07-4B4E-B959-ECB0C1363E16}.Release|Any CPU.Build.0 = Release|Any CPU
		{FBC10787-2601-44DD-9109-CB9CF9F33423}.Debug|Any CPU.ActiveCfg = Debug|Any CPU
		{FBC10787-2601-44DD-9109-CB9CF9F33423}.Debug|Any CPU.Build.0 = Debug|Any CPU
		{FBC10787-2601-44DD-9109-CB9CF9F33423}.Release|Any CPU.ActiveCfg = Release|Any CPU
		{FBC10787-2601-44DD-9109-CB9CF9F33423}.Release|Any CPU.Build.0 = Release|Any CPU
		{93A7FE43-3F5D-4F24-BB5F-41B17C0E9D11}.Debug|Any CPU.ActiveCfg = Debug|Any CPU
		{93A7FE43-3F5D-4F24-BB5F-41B17C0E9D11}.Debug|Any CPU.Build.0 = Debug|Any CPU
		{93A7FE43-3F5D-4F24-BB5F-41B17C0E9D11}.Release|Any CPU.ActiveCfg = Release|Any CPU
		{93A7FE43-3F5D-4F24-BB5F-41B17C0E9D11}.Release|Any CPU.Build.0 = Release|Any CPU
		{80FCA3A2-A7E8-4D3C-A455-D0522B181F22}.Debug|Any CPU.ActiveCfg = Debug|Any CPU
		{80FCA3A2-A7E8-4D3C-A455-D0522B181F22}.Debug|Any CPU.Build.0 = Debug|Any CPU
		{80FCA3A2-A7E8-4D3C-A455-D0522B181F22}.Release|Any CPU.ActiveCfg = Release|Any CPU
		{80FCA3A2-A7E8-4D3C-A455-D0522B181F22}.Release|Any CPU.Build.0 = Release|Any CPU
		{D3785FB4-D9EF-403E-BBAE-68DD154234C9}.Debug|Any CPU.ActiveCfg = Debug|Any CPU
		{D3785FB4-D9EF-403E-BBAE-68DD154234C9}.Debug|Any CPU.Build.0 = Debug|Any CPU
		{D3785FB4-D9EF-403E-BBAE-68DD154234C9}.Release|Any CPU.ActiveCfg = Release|Any CPU
		{D3785FB4-D9EF-403E-BBAE-68DD154234C9}.Release|Any CPU.Build.0 = Release|Any CPU
		{4361837B-7F44-4BA0-A010-2B1623507321}.Debug|Any CPU.ActiveCfg = Debug|Any CPU
		{4361837B-7F44-4BA0-A010-2B1623507321}.Debug|Any CPU.Build.0 = Debug|Any CPU
		{4361837B-7F44-4BA0-A010-2B1623507321}.Release|Any CPU.ActiveCfg = Release|Any CPU
		{4361837B-7F44-4BA0-A010-2B1623507321}.Release|Any CPU.Build.0 = Release|Any CPU
		{54F7BA68-A93C-4563-8A82-359BE40A4270}.Debug|Any CPU.ActiveCfg = Debug|Any CPU
		{54F7BA68-A93C-4563-8A82-359BE40A4270}.Debug|Any CPU.Build.0 = Debug|Any CPU
		{54F7BA68-A93C-4563-8A82-359BE40A4270}.Release|Any CPU.ActiveCfg = Release|Any CPU
		{54F7BA68-A93C-4563-8A82-359BE40A4270}.Release|Any CPU.Build.0 = Release|Any CPU
	EndGlobalSection
	GlobalSection(SolutionProperties) = preSolution
		HideSolutionNode = FALSE
	EndGlobalSection
	GlobalSection(NestedProjects) = preSolution
		{B2E24A56-DC2C-4BAC-A34B-75DE879E0062} = {4801368F-8306-4631-8AE9-CD83CBC5C480}
		{D0237544-ACB2-4F42-A2E2-6B6F10633754} = {4801368F-8306-4631-8AE9-CD83CBC5C480}
		{F16C5664-C597-4B9B-89E8-C79B8CF48008} = {B2E24A56-DC2C-4BAC-A34B-75DE879E0062}
		{AE9BAA42-A079-4072-A79E-049238A623E1} = {D0237544-ACB2-4F42-A2E2-6B6F10633754}
		{FEB727F5-7124-4833-99C4-920509189FE2} = {18C8923B-98DE-41A2-86E8-30B0376EB1C8}
		{85DA03A1-5079-4118-9AAD-1EA07C74E98E} = {18C8923B-98DE-41A2-86E8-30B0376EB1C8}
		{AEEA7D0D-D66D-4FD3-97AC-426577F36E17} = {18C8923B-98DE-41A2-86E8-30B0376EB1C8}
		{B73615BD-F426-4AD4-8FAA-5B11275F1E74} = {FEB727F5-7124-4833-99C4-920509189FE2}
		{BDB59920-1A1D-46EB-AF06-5AD280519B61} = {AEEA7D0D-D66D-4FD3-97AC-426577F36E17}
		{D39D1396-A273-4162-9DF8-879A5CAE6D25} = {85DA03A1-5079-4118-9AAD-1EA07C74E98E}
		{FD6AD563-A9AF-42FA-A5CD-66548B8BD537} = {E38F6CAE-4FBB-49B5-B59D-8C070676DE73}
		{F7F09726-ABF6-445B-B965-F417D24D9DBA} = {FD6AD563-A9AF-42FA-A5CD-66548B8BD537}
		{0948E8C3-45F3-4344-A8FA-BB94395FBBC7} = {66C79CE6-4F3C-4E41-8DAA-8BDF97A1D2BF}
		{9F747D50-2C07-4B4E-B959-ECB0C1363E16} = {0948E8C3-45F3-4344-A8FA-BB94395FBBC7}
		{FEE90F6D-E098-4AEA-BF2C-D2483AB22A44} = {892327CD-A66D-486B-BE46-D8B298576CA7}
		{E51D21CE-2F0D-4EA2-876C-752F30A7E040} = {892327CD-A66D-486B-BE46-D8B298576CA7}
		{FBC10787-2601-44DD-9109-CB9CF9F33423} = {FEE90F6D-E098-4AEA-BF2C-D2483AB22A44}
		{93A7FE43-3F5D-4F24-BB5F-41B17C0E9D11} = {E51D21CE-2F0D-4EA2-876C-752F30A7E040}
		{267BF13D-7847-42CC-8506-4893D62337B3} = {85A52FF7-7BE6-4AE3-90C1-8011B1F7E777}
		{AEF00C12-309E-4430-B6BD-8E0DEAFCF677} = {85A52FF7-7BE6-4AE3-90C1-8011B1F7E777}
		{C30ED07C-C949-4EE1-B1D6-20814C3F18EB} = {85A52FF7-7BE6-4AE3-90C1-8011B1F7E777}
		{80FCA3A2-A7E8-4D3C-A455-D0522B181F22} = {267BF13D-7847-42CC-8506-4893D62337B3}
		{D3785FB4-D9EF-403E-BBAE-68DD154234C9} = {AEF00C12-309E-4430-B6BD-8E0DEAFCF677}
		{4361837B-7F44-4BA0-A010-2B1623507321} = {C30ED07C-C949-4EE1-B1D6-20814C3F18EB}
		{772D5A0C-633D-456B-9705-4634A25EF34C} = {5FBD09C5-56B6-4C50-B193-EDA7ADF125C8}
		{54F7BA68-A93C-4563-8A82-359BE40A4270} = {772D5A0C-633D-456B-9705-4634A25EF34C}
	EndGlobalSection
	GlobalSection(ExtensibilityGlobals) = postSolution
		SolutionGuid = {1139537E-B938-4493-8198-8861E31FC14A}
	EndGlobalSection
EndGlobal
