
Microsoft Visual Studio Solution File, Format Version 12.00
# Visual Studio Version 16
VisualStudioVersion = 16.0.30907.101
MinimumVisualStudioVersion = 10.0.40219.1
Project("{2150E333-8FDC-42A3-9474-1A3956D46DE8}") = "03. Brushes", "03. Brushes", "{E38F6CAE-4FBB-49B5-B59D-8C070676DE73}"
EndProject
Project("{2150E333-8FDC-42A3-9474-1A3956D46DE8}") = "03. Average difficulty", "03. Average difficulty", "{FD6AD563-A9AF-42FA-A5CD-66548B8BD537}"
EndProject
Project("{9A19103F-16F7-4668-BE54-9A1E7A4F7556}") = "03. WpfExercise v.1", "03. Brushes\Average difficulty\03. WpfExercise v.1\03. WpfExercise v.1.csproj", "{F7F09726-ABF6-445B-B965-F417D24D9DBA}"
EndProject
Global
	GlobalSection(SolutionConfigurationPlatforms) = preSolution
		Debug|Any CPU = Debug|Any CPU
		Release|Any CPU = Release|Any CPU
	EndGlobalSection
	GlobalSection(ProjectConfigurationPlatforms) = postSolution
		{F7F09726-ABF6-445B-B965-F417D24D9DBA}.Debug|Any CPU.ActiveCfg = Debug|Any CPU
		{F7F09726-ABF6-445B-B965-F417D24D9DBA}.Debug|Any CPU.Build.0 = Debug|Any CPU
		{F7F09726-ABF6-445B-B965-F417D24D9DBA}.Release|Any CPU.ActiveCfg = Release|Any CPU
		{F7F09726-ABF6-445B-B965-F417D24D9DBA}.Release|Any CPU.Build.0 = Release|Any CPU
	EndGlobalSection
	GlobalSection(SolutionProperties) = preSolution
		HideSolutionNode = FALSE
	EndGlobalSection
	GlobalSection(NestedProjects) = preSolution
		{FD6AD563-A9AF-42FA-A5CD-66548B8BD537} = {E38F6CAE-4FBB-49B5-B59D-8C070676DE73}
		{F7F09726-ABF6-445B-B965-F417D24D9DBA} = {FD6AD563-A9AF-42FA-A5CD-66548B8BD537}
	EndGlobalSection
	GlobalSection(ExtensibilityGlobals) = postSolution
		SolutionGuid = {1139537E-B938-4493-8198-8861E31FC14A}
	EndGlobalSection
EndGlobal
